
Microsoft Visual Studio Solution File, Format Version 12.00
# Visual Studio Version 16
VisualStudioVersion = 16.0.29418.71
MinimumVisualStudioVersion = 10.0.40219.1
Project("{FAE04EC0-301F-11D3-BF4B-00C04F79EFBC}") = "dmuka3.CS.Simple.Semaphore", "dmuka3.CS.Simple.Semaphore\dmuka3.CS.Simple.Semaphore.csproj", "{B53F5425-68E2-4AC2-9C3A-DD306F62D58F}"
EndProject
Project("{FAE04EC0-301F-11D3-BF4B-00C04F79EFBC}") = "dmuka3.CS.Simple.Semaphore.NUnit", "dmuka3.CS.Simple.Semaphore.NUnit\dmuka3.CS.Simple.Semaphore.NUnit.csproj", "{322E7275-EEBC-4939-A9C3-2DABD14141BA}"
EndProject
Global
	GlobalSection(SolutionConfigurationPlatforms) = preSolution
		Debug|Any CPU = Debug|Any CPU
		Release|Any CPU = Release|Any CPU
	EndGlobalSection
	GlobalSection(ProjectConfigurationPlatforms) = postSolution
		{B53F5425-68E2-4AC2-9C3A-DD306F62D58F}.Debug|Any CPU.ActiveCfg = Debug|Any CPU
		{B53F5425-68E2-4AC2-9C3A-DD306F62D58F}.Debug|Any CPU.Build.0 = Debug|Any CPU
		{B53F5425-68E2-4AC2-9C3A-DD306F62D58F}.Release|Any CPU.ActiveCfg = Release|Any CPU
		{B53F5425-68E2-4AC2-9C3A-DD306F62D58F}.Release|Any CPU.Build.0 = Release|Any CPU
		{322E7275-EEBC-4939-A9C3-2DABD14141BA}.Debug|Any CPU.ActiveCfg = Debug|Any CPU
		{322E7275-EEBC-4939-A9C3-2DABD14141BA}.Debug|Any CPU.Build.0 = Debug|Any CPU
		{322E7275-EEBC-4939-A9C3-2DABD14141BA}.Release|Any CPU.ActiveCfg = Release|Any CPU
		{322E7275-EEBC-4939-A9C3-2DABD14141BA}.Release|Any CPU.Build.0 = Release|Any CPU
	EndGlobalSection
	GlobalSection(SolutionProperties) = preSolution
		HideSolutionNode = FALSE
	EndGlobalSection
	GlobalSection(ExtensibilityGlobals) = postSolution
		SolutionGuid = {DF0A691C-4DB4-47A9-9ABC-5A62ED7099AC}
	EndGlobalSection
EndGlobal
